
Microsoft Visual Studio Solution File, Format Version 12.00
# Visual Studio Version 16
VisualStudioVersion = 16.0.30907.101
MinimumVisualStudioVersion = 10.0.40219.1
Project("{8BC9CEB8-8B4A-11D0-8D11-00A0C91BC942}") = "Lab21", "Lab21.vcxproj", "{AADD7BFC-3C6A-4F97-A6E7-5056A076E679}"
EndProject
Global
	GlobalSection(SolutionConfigurationPlatforms) = preSolution
		Debug|x64 = Debug|x64
		Debug|x86 = Debug|x86
		Release|x64 = Release|x64
		Release|x86 = Release|x86
	EndGlobalSection
	GlobalSection(ProjectConfigurationPlatforms) = postSolution
		{AADD7BFC-3C6A-4F97-A6E7-5056A076E679}.Debug|x64.ActiveCfg = Debug|x64
		{AADD7BFC-3C6A-4F97-A6E7-5056A076E679}.Debug|x64.Build.0 = Debug|x64
		{AADD7BFC-3C6A-4F97-A6E7-5056A076E679}.Debug|x86.ActiveCfg = Debug|Win32
		{AADD7BFC-3C6A-4F97-A6E7-5056A076E679}.Debug|x86.Build.0 = Debug|Win32
		{AADD7BFC-3C6A-4F97-A6E7-5056A076E679}.Release|x64.ActiveCfg = Release|x64
		{AADD7BFC-3C6A-4F97-A6E7-5056A076E679}.Release|x64.Build.0 = Release|x64
		{AADD7BFC-3C6A-4F97-A6E7-5056A076E679}.Release|x86.ActiveCfg = Release|Win32
		{AADD7BFC-3C6A-4F97-A6E7-5056A076E679}.Release|x86.Build.0 = Release|Win32
	EndGlobalSection
	GlobalSection(SolutionProperties) = preSolution
		HideSolutionNode = FALSE
	EndGlobalSection
	GlobalSection(ExtensibilityGlobals) = postSolution
		SolutionGuid = {F5E2E4C2-A5E1-4309-B45B-623ED68AE7FE}
	EndGlobalSection
EndGlobal
