
Microsoft Visual Studio Solution File, Format Version 12.00
# Visual Studio Version 16
VisualStudioVersion = 16.0.30907.101
MinimumVisualStudioVersion = 10.0.40219.1
Project("{8BC9CEB8-8B4A-11D0-8D11-00A0C91BC942}") = "shopping", "shopping.vcxproj", "{AAE1B177-F867-461F-BCCC-7EE21B2BDCF6}"
EndProject
Global
	GlobalSection(SolutionConfigurationPlatforms) = preSolution
		Debug|x64 = Debug|x64
		Debug|x86 = Debug|x86
		Release|x64 = Release|x64
		Release|x86 = Release|x86
	EndGlobalSection
	GlobalSection(ProjectConfigurationPlatforms) = postSolution
		{AAE1B177-F867-461F-BCCC-7EE21B2BDCF6}.Debug|x64.ActiveCfg = Debug|x64
		{AAE1B177-F867-461F-BCCC-7EE21B2BDCF6}.Debug|x64.Build.0 = Debug|x64
		{AAE1B177-F867-461F-BCCC-7EE21B2BDCF6}.Debug|x86.ActiveCfg = Debug|Win32
		{AAE1B177-F867-461F-BCCC-7EE21B2BDCF6}.Debug|x86.Build.0 = Debug|Win32
		{AAE1B177-F867-461F-BCCC-7EE21B2BDCF6}.Release|x64.ActiveCfg = Release|x64
		{AAE1B177-F867-461F-BCCC-7EE21B2BDCF6}.Release|x64.Build.0 = Release|x64
		{AAE1B177-F867-461F-BCCC-7EE21B2BDCF6}.Release|x86.ActiveCfg = Release|Win32
		{AAE1B177-F867-461F-BCCC-7EE21B2BDCF6}.Release|x86.Build.0 = Release|Win32
	EndGlobalSection
	GlobalSection(SolutionProperties) = preSolution
		HideSolutionNode = FALSE
	EndGlobalSection
	GlobalSection(ExtensibilityGlobals) = postSolution
		SolutionGuid = {224AF1FC-BE39-41BF-A6C4-E5A4D6E381FF}
	EndGlobalSection
EndGlobal
