
Microsoft Visual Studio Solution File, Format Version 12.00
# Visual Studio Version 16
VisualStudioVersion = 16.0.30907.101
MinimumVisualStudioVersion = 10.0.40219.1
Project("{8BC9CEB8-8B4A-11D0-8D11-00A0C91BC942}") = "Lab27", "Lab27.vcxproj", "{EE9821DA-0B46-40E7-92B5-E2CE8C4895F4}"
EndProject
Global
	GlobalSection(SolutionConfigurationPlatforms) = preSolution
		Debug|x64 = Debug|x64
		Debug|x86 = Debug|x86
		Release|x64 = Release|x64
		Release|x86 = Release|x86
	EndGlobalSection
	GlobalSection(ProjectConfigurationPlatforms) = postSolution
		{EE9821DA-0B46-40E7-92B5-E2CE8C4895F4}.Debug|x64.ActiveCfg = Debug|x64
		{EE9821DA-0B46-40E7-92B5-E2CE8C4895F4}.Debug|x64.Build.0 = Debug|x64
		{EE9821DA-0B46-40E7-92B5-E2CE8C4895F4}.Debug|x86.ActiveCfg = Debug|Win32
		{EE9821DA-0B46-40E7-92B5-E2CE8C4895F4}.Debug|x86.Build.0 = Debug|Win32
		{EE9821DA-0B46-40E7-92B5-E2CE8C4895F4}.Release|x64.ActiveCfg = Release|x64
		{EE9821DA-0B46-40E7-92B5-E2CE8C4895F4}.Release|x64.Build.0 = Release|x64
		{EE9821DA-0B46-40E7-92B5-E2CE8C4895F4}.Release|x86.ActiveCfg = Release|Win32
		{EE9821DA-0B46-40E7-92B5-E2CE8C4895F4}.Release|x86.Build.0 = Release|Win32
	EndGlobalSection
	GlobalSection(SolutionProperties) = preSolution
		HideSolutionNode = FALSE
	EndGlobalSection
	GlobalSection(ExtensibilityGlobals) = postSolution
		SolutionGuid = {C57E3D9E-549F-4153-B2F3-306D8C3293ED}
	EndGlobalSection
EndGlobal
